// !$*UTF8*$!
{
	archiveVersion = 1;
	classes = {
	};
	objectVersion = 55;
	objects = {

/* Begin PBXBuildFile section */
		4596F79F2D46E855007F1E8C /* ColorExtensions.swift in Sources */ = {isa = PBXBuildFile; fileRef = 4596F79E2D46E855007F1E8C /* ColorExtensions.swift */; };
		45CEBFCD2D46B53E00BD851B /* WeatherApp.swift in Sources */ = {isa = PBXBuildFile; fileRef = 45CEBFBD2D46B53E00BD851B /* WeatherApp.swift */; };
		45CEBFCE2D46B53E00BD851B /* WeatherApp.swift in Sources */ = {isa = PBXBuildFile; fileRef = 45CEBFBD2D46B53E00BD851B /* WeatherApp.swift */; };
		45CEBFD12D46B53E00BD851B /* Assets.xcassets in Resources */ = {isa = PBXBuildFile; fileRef = 45CEBFBF2D46B53E00BD851B /* Assets.xcassets */; };
		45CEBFD22D46B53E00BD851B /* Assets.xcassets in Resources */ = {isa = PBXBuildFile; fileRef = 45CEBFBF2D46B53E00BD851B /* Assets.xcassets */; };
		45CEBFE02D46B60400BD851B /* WeatherService.swift in Sources */ = {isa = PBXBuildFile; fileRef = 45CEBFDF2D46B60400BD851B /* WeatherService.swift */; };
		45CEBFE22D46B61400BD851B /* WeatherData.swift in Sources */ = {isa = PBXBuildFile; fileRef = 45CEBFE12D46B61400BD851B /* WeatherData.swift */; };
		45CEBFE42D46B62800BD851B /* HomeViewModel.swift in Sources */ = {isa = PBXBuildFile; fileRef = 45CEBFE32D46B62800BD851B /* HomeViewModel.swift */; };
		45CEBFE62D46B63500BD851B /* SearchViewModel.swift in Sources */ = {isa = PBXBuildFile; fileRef = 45CEBFE52D46B63500BD851B /* SearchViewModel.swift */; };
		45CEBFE82D46B64200BD851B /* HomeView.swift in Sources */ = {isa = PBXBuildFile; fileRef = 45CEBFE72D46B64200BD851B /* HomeView.swift */; };
		45CEBFEA2D46B64D00BD851B /* SearchView.swift in Sources */ = {isa = PBXBuildFile; fileRef = 45CEBFE92D46B64D00BD851B /* SearchView.swift */; };
		45CEBFEC2D46BAD100BD851B /* SearchLocation.swift in Sources */ = {isa = PBXBuildFile; fileRef = 45CEBFEB2D46BAD100BD851B /* SearchLocation.swift */; };
		45CEBFEE2D46D80100BD851B /* SearchResultCard.swift in Sources */ = {isa = PBXBuildFile; fileRef = 45CEBFED2D46D80100BD851B /* SearchResultCard.swift */; };
		45CEBFF02D46DA3C00BD851B /* SearchResultWithWeather.swift in Sources */ = {isa = PBXBuildFile; fileRef = 45CEBFEF2D46DA3C00BD851B /* SearchResultWithWeather.swift */; };
/* End PBXBuildFile section */

/* Begin PBXFileReference section */
		4596F79E2D46E855007F1E8C /* ColorExtensions.swift */ = {isa = PBXFileReference; lastKnownFileType = sourcecode.swift; path = ColorExtensions.swift; sourceTree = "<group>"; };
		45CEBFBD2D46B53E00BD851B /* WeatherApp.swift */ = {isa = PBXFileReference; lastKnownFileType = sourcecode.swift; path = WeatherApp.swift; sourceTree = "<group>"; };
		45CEBFBF2D46B53E00BD851B /* Assets.xcassets */ = {isa = PBXFileReference; lastKnownFileType = folder.assetcatalog; path = Assets.xcassets; sourceTree = "<group>"; };
		45CEBFC42D46B53E00BD851B /* iOSWeatherTracker.app */ = {isa = PBXFileReference; explicitFileType = wrapper.application; includeInIndex = 0; path = iOSWeatherTracker.app; sourceTree = BUILT_PRODUCTS_DIR; };
		45CEBFCA2D46B53E00BD851B /* iOSWeatherTracker.app */ = {isa = PBXFileReference; explicitFileType = wrapper.application; includeInIndex = 0; path = iOSWeatherTracker.app; sourceTree = BUILT_PRODUCTS_DIR; };
		45CEBFDF2D46B60400BD851B /* WeatherService.swift */ = {isa = PBXFileReference; lastKnownFileType = sourcecode.swift; path = WeatherService.swift; sourceTree = "<group>"; };
		45CEBFE12D46B61400BD851B /* WeatherData.swift */ = {isa = PBXFileReference; lastKnownFileType = sourcecode.swift; path = WeatherData.swift; sourceTree = "<group>"; };
		45CEBFE32D46B62800BD851B /* HomeViewModel.swift */ = {isa = PBXFileReference; lastKnownFileType = sourcecode.swift; path = HomeViewModel.swift; sourceTree = "<group>"; };
		45CEBFE52D46B63500BD851B /* SearchViewModel.swift */ = {isa = PBXFileReference; lastKnownFileType = sourcecode.swift; path = SearchViewModel.swift; sourceTree = "<group>"; };
		45CEBFE72D46B64200BD851B /* HomeView.swift */ = {isa = PBXFileReference; lastKnownFileType = sourcecode.swift; path = HomeView.swift; sourceTree = "<group>"; };
		45CEBFE92D46B64D00BD851B /* SearchView.swift */ = {isa = PBXFileReference; lastKnownFileType = sourcecode.swift; path = SearchView.swift; sourceTree = "<group>"; };
		45CEBFEB2D46BAD100BD851B /* SearchLocation.swift */ = {isa = PBXFileReference; lastKnownFileType = sourcecode.swift; path = SearchLocation.swift; sourceTree = "<group>"; };
		45CEBFED2D46D80100BD851B /* SearchResultCard.swift */ = {isa = PBXFileReference; lastKnownFileType = sourcecode.swift; path = SearchResultCard.swift; sourceTree = "<group>"; };
		45CEBFEF2D46DA3C00BD851B /* SearchResultWithWeather.swift */ = {isa = PBXFileReference; lastKnownFileType = sourcecode.swift; path = SearchResultWithWeather.swift; sourceTree = "<group>"; };
/* End PBXFileReference section */

/* Begin PBXFrameworksBuildPhase section */
		45CEBFC12D46B53E00BD851B /* Frameworks */ = {
			isa = PBXFrameworksBuildPhase;
			buildActionMask = 2147483647;
			files = (
			);
			runOnlyForDeploymentPostprocessing = 0;
		};
		45CEBFC72D46B53E00BD851B /* Frameworks */ = {
			isa = PBXFrameworksBuildPhase;
			buildActionMask = 2147483647;
			files = (
			);
			runOnlyForDeploymentPostprocessing = 0;
		};
/* End PBXFrameworksBuildPhase section */

/* Begin PBXGroup section */
		45CEBFB72D46B53D00BD851B = {
			isa = PBXGroup;
			children = (
				45CEBFDD2D46B58700BD851B /* Services */,
				45CEBFDB2D46B57400BD851B /* Models */,
				45CEBFDE2D46B59000BD851B /* Views */,
				45CEBFDC2D46B57900BD851B /* ViewModels */,
				45CEBFBD2D46B53E00BD851B /* WeatherApp.swift */,
				45CEBFBF2D46B53E00BD851B /* Assets.xcassets */,
				45CEBFC52D46B53E00BD851B /* Products */,
			);
			sourceTree = "<group>";
		};
		45CEBFC52D46B53E00BD851B /* Products */ = {
			isa = PBXGroup;
			children = (
				45CEBFC42D46B53E00BD851B /* iOSWeatherTracker.app */,
				45CEBFCA2D46B53E00BD851B /* iOSWeatherTracker.app */,
			);
			name = Products;
			sourceTree = "<group>";
		};
		45CEBFDB2D46B57400BD851B /* Models */ = {
			isa = PBXGroup;
			children = (
				45CEBFE12D46B61400BD851B /* WeatherData.swift */,
				45CEBFEB2D46BAD100BD851B /* SearchLocation.swift */,
				45CEBFEF2D46DA3C00BD851B /* SearchResultWithWeather.swift */,
			);
			path = Models;
			sourceTree = "<group>";
		};
		45CEBFDC2D46B57900BD851B /* ViewModels */ = {
			isa = PBXGroup;
			children = (
				45CEBFE32D46B62800BD851B /* HomeViewModel.swift */,
				45CEBFE52D46B63500BD851B /* SearchViewModel.swift */,
			);
			path = ViewModels;
			sourceTree = "<group>";
		};
		45CEBFDD2D46B58700BD851B /* Services */ = {
			isa = PBXGroup;
			children = (
				45CEBFDF2D46B60400BD851B /* WeatherService.swift */,
				4596F79E2D46E855007F1E8C /* ColorExtensions.swift */,
			);
			path = Services;
			sourceTree = "<group>";
		};
		45CEBFDE2D46B59000BD851B /* Views */ = {
			isa = PBXGroup;
			children = (
				45CEBFE72D46B64200BD851B /* HomeView.swift */,
				45CEBFE92D46B64D00BD851B /* SearchView.swift */,
				45CEBFED2D46D80100BD851B /* SearchResultCard.swift */,
			);
			path = Views;
			sourceTree = "<group>";
		};
/* End PBXGroup section */

/* Begin PBXNativeTarget section */
		45CEBFC32D46B53E00BD851B /* iOSWeatherTracker (iOS) */ = {
			isa = PBXNativeTarget;
			buildConfigurationList = 45CEBFD52D46B53E00BD851B /* Build configuration list for PBXNativeTarget "iOSWeatherTracker (iOS)" */;
			buildPhases = (
				45CEBFC02D46B53E00BD851B /* Sources */,
				45CEBFC12D46B53E00BD851B /* Frameworks */,
				45CEBFC22D46B53E00BD851B /* Resources */,
			);
			buildRules = (
			);
			dependencies = (
			);
			name = "iOSWeatherTracker (iOS)";
			productName = "iOSWeatherTracker (iOS)";
			productReference = 45CEBFC42D46B53E00BD851B /* iOSWeatherTracker.app */;
			productType = "com.apple.product-type.application";
		};
		45CEBFC92D46B53E00BD851B /* iOSWeatherTracker (macOS) */ = {
			isa = PBXNativeTarget;
			buildConfigurationList = 45CEBFD82D46B53E00BD851B /* Build configuration list for PBXNativeTarget "iOSWeatherTracker (macOS)" */;
			buildPhases = (
				45CEBFC62D46B53E00BD851B /* Sources */,
				45CEBFC72D46B53E00BD851B /* Frameworks */,
				45CEBFC82D46B53E00BD851B /* Resources */,
			);
			buildRules = (
			);
			dependencies = (
			);
			name = "iOSWeatherTracker (macOS)";
			productName = "iOSWeatherTracker (macOS)";
			productReference = 45CEBFCA2D46B53E00BD851B /* iOSWeatherTracker.app */;
			productType = "com.apple.product-type.application";
		};
/* End PBXNativeTarget section */

/* Begin PBXProject section */
		45CEBFB82D46B53D00BD851B /* Project object */ = {
			isa = PBXProject;
			attributes = {
				BuildIndependentTargetsInParallel = 1;
				LastSwiftUpdateCheck = 1340;
				LastUpgradeCheck = 1340;
				TargetAttributes = {
					45CEBFC32D46B53E00BD851B = {
						CreatedOnToolsVersion = 13.4.1;
					};
					45CEBFC92D46B53E00BD851B = {
						CreatedOnToolsVersion = 13.4.1;
					};
				};
			};
			buildConfigurationList = 45CEBFBB2D46B53D00BD851B /* Build configuration list for PBXProject "iOSWeatherTracker" */;
			compatibilityVersion = "Xcode 13.0";
			developmentRegion = en;
			hasScannedForEncodings = 0;
			knownRegions = (
				en,
				Base,
			);
			mainGroup = 45CEBFB72D46B53D00BD851B;
			productRefGroup = 45CEBFC52D46B53E00BD851B /* Products */;
			projectDirPath = "";
			projectRoot = "";
			targets = (
				45CEBFC32D46B53E00BD851B /* iOSWeatherTracker (iOS) */,
				45CEBFC92D46B53E00BD851B /* iOSWeatherTracker (macOS) */,
			);
		};
/* End PBXProject section */

/* Begin PBXResourcesBuildPhase section */
		45CEBFC22D46B53E00BD851B /* Resources */ = {
			isa = PBXResourcesBuildPhase;
			buildActionMask = 2147483647;
			files = (
				45CEBFD12D46B53E00BD851B /* Assets.xcassets in Resources */,
			);
			runOnlyForDeploymentPostprocessing = 0;
		};
		45CEBFC82D46B53E00BD851B /* Resources */ = {
			isa = PBXResourcesBuildPhase;
			buildActionMask = 2147483647;
			files = (
				45CEBFD22D46B53E00BD851B /* Assets.xcassets in Resources */,
			);
			runOnlyForDeploymentPostprocessing = 0;
		};
/* End PBXResourcesBuildPhase section */

/* Begin PBXSourcesBuildPhase section */
		45CEBFC02D46B53E00BD851B /* Sources */ = {
			isa = PBXSourcesBuildPhase;
			buildActionMask = 2147483647;
			files = (
				4596F79F2D46E855007F1E8C /* ColorExtensions.swift in Sources */,
				45CEBFEE2D46D80100BD851B /* SearchResultCard.swift in Sources */,
				45CEBFE02D46B60400BD851B /* WeatherService.swift in Sources */,
				45CEBFE62D46B63500BD851B /* SearchViewModel.swift in Sources */,
				45CEBFF02D46DA3C00BD851B /* SearchResultWithWeather.swift in Sources */,
				45CEBFE22D46B61400BD851B /* WeatherData.swift in Sources */,
				45CEBFEA2D46B64D00BD851B /* SearchView.swift in Sources */,
				45CEBFE82D46B64200BD851B /* HomeView.swift in Sources */,
				45CEBFCD2D46B53E00BD851B /* WeatherApp.swift in Sources */,
				45CEBFEC2D46BAD100BD851B /* SearchLocation.swift in Sources */,
				45CEBFE42D46B62800BD851B /* HomeViewModel.swift in Sources */,
			);
			runOnlyForDeploymentPostprocessing = 0;
		};
		45CEBFC62D46B53E00BD851B /* Sources */ = {
			isa = PBXSourcesBuildPhase;
			buildActionMask = 2147483647;
			files = (
				45CEBFCE2D46B53E00BD851B /* WeatherApp.swift in Sources */,
			);
			runOnlyForDeploymentPostprocessing = 0;
		};
/* End PBXSourcesBuildPhase section */

/* Begin XCBuildConfiguration section */
		45CEBFD32D46B53E00BD851B /* Debug */ = {
			isa = XCBuildConfiguration;
			buildSettings = {
				ALWAYS_SEARCH_USER_PATHS = NO;
				CLANG_ANALYZER_NONNULL = YES;
				CLANG_ANALYZER_NUMBER_OBJECT_CONVERSION = YES_AGGRESSIVE;
				CLANG_CXX_LANGUAGE_STANDARD = "gnu++17";
				CLANG_ENABLE_MODULES = YES;
				CLANG_ENABLE_OBJC_ARC = YES;
				CLANG_ENABLE_OBJC_WEAK = YES;
				CLANG_WARN_BLOCK_CAPTURE_AUTORELEASING = YES;
				CLANG_WARN_BOOL_CONVERSION = YES;
				CLANG_WARN_COMMA = YES;
				CLANG_WARN_CONSTANT_CONVERSION = YES;
				CLANG_WARN_DEPRECATED_OBJC_IMPLEMENTATIONS = YES;
				CLANG_WARN_DIRECT_OBJC_ISA_USAGE = YES_ERROR;
				CLANG_WARN_DOCUMENTATION_COMMENTS = YES;
				CLANG_WARN_EMPTY_BODY = YES;
				CLANG_WARN_ENUM_CONVERSION = YES;
				CLANG_WARN_INFINITE_RECURSION = YES;
				CLANG_WARN_INT_CONVERSION = YES;
				CLANG_WARN_NON_LITERAL_NULL_CONVERSION = YES;
				CLANG_WARN_OBJC_IMPLICIT_RETAIN_SELF = YES;
				CLANG_WARN_OBJC_LITERAL_CONVERSION = YES;
				CLANG_WARN_OBJC_ROOT_CLASS = YES_ERROR;
				CLANG_WARN_QUOTED_INCLUDE_IN_FRAMEWORK_HEADER = YES;
				CLANG_WARN_RANGE_LOOP_ANALYSIS = YES;
				CLANG_WARN_STRICT_PROTOTYPES = YES;
				CLANG_WARN_SUSPICIOUS_MOVE = YES;
				CLANG_WARN_UNGUARDED_AVAILABILITY = YES_AGGRESSIVE;
				CLANG_WARN_UNREACHABLE_CODE = YES;
				CLANG_WARN__DUPLICATE_METHOD_MATCH = YES;
				COPY_PHASE_STRIP = NO;
				DEBUG_INFORMATION_FORMAT = dwarf;
				ENABLE_STRICT_OBJC_MSGSEND = YES;
				ENABLE_TESTABILITY = YES;
				GCC_C_LANGUAGE_STANDARD = gnu11;
				GCC_DYNAMIC_NO_PIC = NO;
				GCC_NO_COMMON_BLOCKS = YES;
				GCC_OPTIMIZATION_LEVEL = 0;
				GCC_PREPROCESSOR_DEFINITIONS = (
					"DEBUG=1",
					"$(inherited)",
				);
				GCC_WARN_64_TO_32_BIT_CONVERSION = YES;
				GCC_WARN_ABOUT_RETURN_TYPE = YES_ERROR;
				GCC_WARN_UNDECLARED_SELECTOR = YES;
				GCC_WARN_UNINITIALIZED_AUTOS = YES_AGGRESSIVE;
				GCC_WARN_UNUSED_FUNCTION = YES;
				GCC_WARN_UNUSED_VARIABLE = YES;
				MTL_ENABLE_DEBUG_INFO = INCLUDE_SOURCE;
				MTL_FAST_MATH = YES;
				ONLY_ACTIVE_ARCH = YES;
				SWIFT_ACTIVE_COMPILATION_CONDITIONS = DEBUG;
				SWIFT_OPTIMIZATION_LEVEL = "-Onone";
			};
			name = Debug;
		};
		45CEBFD42D46B53E00BD851B /* Release */ = {
			isa = XCBuildConfiguration;
			buildSettings = {
				ALWAYS_SEARCH_USER_PATHS = NO;
				CLANG_ANALYZER_NONNULL = YES;
				CLANG_ANALYZER_NUMBER_OBJECT_CONVERSION = YES_AGGRESSIVE;
				CLANG_CXX_LANGUAGE_STANDARD = "gnu++17";
				CLANG_ENABLE_MODULES = YES;
				CLANG_ENABLE_OBJC_ARC = YES;
				CLANG_ENABLE_OBJC_WEAK = YES;
				CLANG_WARN_BLOCK_CAPTURE_AUTORELEASING = YES;
				CLANG_WARN_BOOL_CONVERSION = YES;
				CLANG_WARN_COMMA = YES;
				CLANG_WARN_CONSTANT_CONVERSION = YES;
				CLANG_WARN_DEPRECATED_OBJC_IMPLEMENTATIONS = YES;
				CLANG_WARN_DIRECT_OBJC_ISA_USAGE = YES_ERROR;
				CLANG_WARN_DOCUMENTATION_COMMENTS = YES;
				CLANG_WARN_EMPTY_BODY = YES;
				CLANG_WARN_ENUM_CONVERSION = YES;
				CLANG_WARN_INFINITE_RECURSION = YES;
				CLANG_WARN_INT_CONVERSION = YES;
				CLANG_WARN_NON_LITERAL_NULL_CONVERSION = YES;
				CLANG_WARN_OBJC_IMPLICIT_RETAIN_SELF = YES;
				CLANG_WARN_OBJC_LITERAL_CONVERSION = YES;
				CLANG_WARN_OBJC_ROOT_CLASS = YES_ERROR;
				CLANG_WARN_QUOTED_INCLUDE_IN_FRAMEWORK_HEADER = YES;
				CLANG_WARN_RANGE_LOOP_ANALYSIS = YES;
				CLANG_WARN_STRICT_PROTOTYPES = YES;
				CLANG_WARN_SUSPICIOUS_MOVE = YES;
				CLANG_WARN_UNGUARDED_AVAILABILITY = YES_AGGRESSIVE;
				CLANG_WARN_UNREACHABLE_CODE = YES;
				CLANG_WARN__DUPLICATE_METHOD_MATCH = YES;
				COPY_PHASE_STRIP = NO;
				DEBUG_INFORMATION_FORMAT = "dwarf-with-dsym";
				ENABLE_NS_ASSERTIONS = NO;
				ENABLE_STRICT_OBJC_MSGSEND = YES;
				GCC_C_LANGUAGE_STANDARD = gnu11;
				GCC_NO_COMMON_BLOCKS = YES;
				GCC_WARN_64_TO_32_BIT_CONVERSION = YES;
				GCC_WARN_ABOUT_RETURN_TYPE = YES_ERROR;
				GCC_WARN_UNDECLARED_SELECTOR = YES;
				GCC_WARN_UNINITIALIZED_AUTOS = YES_AGGRESSIVE;
				GCC_WARN_UNUSED_FUNCTION = YES;
				GCC_WARN_UNUSED_VARIABLE = YES;
				MTL_ENABLE_DEBUG_INFO = NO;
				MTL_FAST_MATH = YES;
				SWIFT_COMPILATION_MODE = wholemodule;
				SWIFT_OPTIMIZATION_LEVEL = "-O";
			};
			name = Release;
		};
		45CEBFD62D46B53E00BD851B /* Debug */ = {
			isa = XCBuildConfiguration;
			buildSettings = {
				ASSETCATALOG_COMPILER_APPICON_NAME = AppIcon;
				ASSETCATALOG_COMPILER_GLOBAL_ACCENT_COLOR_NAME = AccentColor;
				CODE_SIGN_STYLE = Automatic;
				CURRENT_PROJECT_VERSION = 1;
				DEVELOPMENT_TEAM = 4YURZ46FPQ;
				ENABLE_PREVIEWS = YES;
				GENERATE_INFOPLIST_FILE = YES;
				INFOPLIST_KEY_UIApplicationSceneManifest_Generation = YES;
				INFOPLIST_KEY_UIApplicationSupportsIndirectInputEvents = YES;
				INFOPLIST_KEY_UILaunchScreen_Generation = YES;
				INFOPLIST_KEY_UISupportedInterfaceOrientations_iPad = "UIInterfaceOrientationPortrait UIInterfaceOrientationPortraitUpsideDown UIInterfaceOrientationLandscapeLeft UIInterfaceOrientationLandscapeRight";
				INFOPLIST_KEY_UISupportedInterfaceOrientations_iPhone = "UIInterfaceOrientationPortrait UIInterfaceOrientationLandscapeLeft UIInterfaceOrientationLandscapeRight";
				IPHONEOS_DEPLOYMENT_TARGET = 15.5;
				LD_RUNPATH_SEARCH_PATHS = (
					"$(inherited)",
					"@executable_path/Frameworks",
				);
				MARKETING_VERSION = 1.0;
				PRODUCT_BUNDLE_IDENTIFIER = Nooro.iOSWeatherTracker;
				PRODUCT_NAME = iOSWeatherTracker;
				SDKROOT = iphoneos;
				SWIFT_EMIT_LOC_STRINGS = YES;
				SWIFT_VERSION = 5.0;
				TARGETED_DEVICE_FAMILY = "1,2";
			};
			name = Debug;
		};
		45CEBFD72D46B53E00BD851B /* Release */ = {
			isa = XCBuildConfiguration;
			buildSettings = {
				ASSETCATALOG_COMPILER_APPICON_NAME = AppIcon;
				ASSETCATALOG_COMPILER_GLOBAL_ACCENT_COLOR_NAME = AccentColor;
				CODE_SIGN_STYLE = Automatic;
				CURRENT_PROJECT_VERSION = 1;
				DEVELOPMENT_TEAM = 4YURZ46FPQ;
				ENABLE_PREVIEWS = YES;
				GENERATE_INFOPLIST_FILE = YES;
				INFOPLIST_KEY_UIApplicationSceneManifest_Generation = YES;
				INFOPLIST_KEY_UIApplicationSupportsIndirectInputEvents = YES;
				INFOPLIST_KEY_UILaunchScreen_Generation = YES;
				INFOPLIST_KEY_UISupportedInterfaceOrientations_iPad = "UIInterfaceOrientationPortrait UIInterfaceOrientationPortraitUpsideDown UIInterfaceOrientationLandscapeLeft UIInterfaceOrientationLandscapeRight";
				INFOPLIST_KEY_UISupportedInterfaceOrientations_iPhone = "UIInterfaceOrientationPortrait UIInterfaceOrientationLandscapeLeft UIInterfaceOrientationLandscapeRight";
				IPHONEOS_DEPLOYMENT_TARGET = 15.5;
				LD_RUNPATH_SEARCH_PATHS = (
					"$(inherited)",
					"@executable_path/Frameworks",
				);
				MARKETING_VERSION = 1.0;
				PRODUCT_BUNDLE_IDENTIFIER = Nooro.iOSWeatherTracker;
				PRODUCT_NAME = iOSWeatherTracker;
				SDKROOT = iphoneos;
				SWIFT_EMIT_LOC_STRINGS = YES;
				SWIFT_VERSION = 5.0;
				TARGETED_DEVICE_FAMILY = "1,2";
				VALIDATE_PRODUCT = YES;
			};
			name = Release;
		};
		45CEBFD92D46B53E00BD851B /* Debug */ = {
			isa = XCBuildConfiguration;
			buildSettings = {
				ASSETCATALOG_COMPILER_APPICON_NAME = AppIcon;
				ASSETCATALOG_COMPILER_GLOBAL_ACCENT_COLOR_NAME = AccentColor;
				CODE_SIGN_ENTITLEMENTS = macOS/macOS.entitlements;
				CODE_SIGN_STYLE = Automatic;
				COMBINE_HIDPI_IMAGES = YES;
				CURRENT_PROJECT_VERSION = 1;
				DEVELOPMENT_TEAM = 4YURZ46FPQ;
				ENABLE_HARDENED_RUNTIME = YES;
				ENABLE_PREVIEWS = YES;
				GENERATE_INFOPLIST_FILE = YES;
				INFOPLIST_KEY_NSHumanReadableCopyright = "";
				LD_RUNPATH_SEARCH_PATHS = (
					"$(inherited)",
					"@executable_path/../Frameworks",
				);
				MACOSX_DEPLOYMENT_TARGET = 12.3;
				MARKETING_VERSION = 1.0;
				PRODUCT_BUNDLE_IDENTIFIER = Nooro.iOSWeatherTracker;
				PRODUCT_NAME = iOSWeatherTracker;
				SDKROOT = macosx;
				SWIFT_EMIT_LOC_STRINGS = YES;
				SWIFT_VERSION = 5.0;
			};
			name = Debug;
		};
		45CEBFDA2D46B53E00BD851B /* Release */ = {
			isa = XCBuildConfiguration;
			buildSettings = {
				ASSETCATALOG_COMPILER_APPICON_NAME = AppIcon;
				ASSETCATALOG_COMPILER_GLOBAL_ACCENT_COLOR_NAME = AccentColor;
				CODE_SIGN_ENTITLEMENTS = macOS/macOS.entitlements;
				CODE_SIGN_STYLE = Automatic;
				COMBINE_HIDPI_IMAGES = YES;
				CURRENT_PROJECT_VERSION = 1;
				DEVELOPMENT_TEAM = 4YURZ46FPQ;
				ENABLE_HARDENED_RUNTIME = YES;
				ENABLE_PREVIEWS = YES;
				GENERATE_INFOPLIST_FILE = YES;
				INFOPLIST_KEY_NSHumanReadableCopyright = "";
				LD_RUNPATH_SEARCH_PATHS = (
					"$(inherited)",
					"@executable_path/../Frameworks",
				);
				MACOSX_DEPLOYMENT_TARGET = 12.3;
				MARKETING_VERSION = 1.0;
				PRODUCT_BUNDLE_IDENTIFIER = Nooro.iOSWeatherTracker;
				PRODUCT_NAME = iOSWeatherTracker;
				SDKROOT = macosx;
				SWIFT_EMIT_LOC_STRINGS = YES;
				SWIFT_VERSION = 5.0;
			};
			name = Release;
		};
/* End XCBuildConfiguration section */

/* Begin XCConfigurationList section */
		45CEBFBB2D46B53D00BD851B /* Build configuration list for PBXProject "iOSWeatherTracker" */ = {
			isa = XCConfigurationList;
			buildConfigurations = (
				45CEBFD32D46B53E00BD851B /* Debug */,
				45CEBFD42D46B53E00BD851B /* Release */,
			);
			defaultConfigurationIsVisible = 0;
			defaultConfigurationName = Release;
		};
		45CEBFD52D46B53E00BD851B /* Build configuration list for PBXNativeTarget "iOSWeatherTracker (iOS)" */ = {
			isa = XCConfigurationList;
			buildConfigurations = (
				45CEBFD62D46B53E00BD851B /* Debug */,
				45CEBFD72D46B53E00BD851B /* Release */,
			);
			defaultConfigurationIsVisible = 0;
			defaultConfigurationName = Release;
		};
		45CEBFD82D46B53E00BD851B /* Build configuration list for PBXNativeTarget "iOSWeatherTracker (macOS)" */ = {
			isa = XCConfigurationList;
			buildConfigurations = (
				45CEBFD92D46B53E00BD851B /* Debug */,
				45CEBFDA2D46B53E00BD851B /* Release */,
			);
			defaultConfigurationIsVisible = 0;
			defaultConfigurationName = Release;
		};
/* End XCConfigurationList section */
	};
	rootObject = 45CEBFB82D46B53D00BD851B /* Project object */;
}
